github.com/joho/godotenv v1.5.1 h1:7eLL/+HRGLY0ldzfGMeQkb7vMd0as4CfYvUVzLqw0N0=
github.com/joho/godotenv v1.5.1/go.mod h1:f4LDr5Voq0i2e/R5DDNOoa2zzDfwtkZa6DnEwAbqwq4=
github.com/mfmayer/gopenai v0.0.1 h1:eSbejHyTmv1fOl9bfffwmMjT5DVMGtVqJfDFor9d168=
github.com/mfmayer/gopenai v0.0.1/go.mod h1:6ntadJ/zvzvcV3W7PFqQwRrkQNvbaviiLwA69yMtR1c=
